
Microsoft Visual Studio Solution File, Format Version 12.00
# Visual Studio Version 17
VisualStudioVersion = 17.0.31903.59
MinimumVisualStudioVersion = 10.0.40219.1
Project("{FAE04EC0-301F-11D3-BF4B-00C04F79EFBC}") = "StarterKit.AppHost", "src\StarterKit.AppHost\StarterKit.AppHost.csproj", "{E41D9FA8-1BFA-41B4-8FD4-F859E3FC301A}"
EndProject
Project("{FAE04EC0-301F-11D3-BF4B-00C04F79EFBC}") = "StarterKit.ServiceDefaults", "src\StarterKit.ServiceDefaults\StarterKit.ServiceDefaults.csproj", "{06A2B434-F687-42E0-8588-617FFCB3B457}"
EndProject
Project("{FAE04EC0-301F-11D3-BF4B-00C04F79EFBC}") = "StarterKit.ApiService", "src\StarterKit.ApiService\StarterKit.ApiService.csproj", "{E41B673E-A142-4E37-9217-7599ED1DF90F}"
EndProject
Project("{FAE04EC0-301F-11D3-BF4B-00C04F79EFBC}") = "StarterKit.Web", "src\StarterKit.Web\StarterKit.Web.csproj", "{A177DEC5-467D-480A-AF1B-F72594CBE0E9}"
EndProject
Project("{FAE04EC0-301F-11D3-BF4B-00C04F79EFBC}") = "StarterKit.Tests", "src\StarterKit.Tests\StarterKit.Tests.csproj", "{D125E463-4CD4-4BBB-9049-CC27F7AFE5D7}"
EndProject
Project("{FAE04EC0-301F-11D3-BF4B-00C04F79EFBC}") = "StarterKit.SemanticKernelService", "src\StarterKit.SemanticKernelService\StarterKit.SemanticKernelService.csproj", "{592D7CCE-61D7-45C4-BB59-7682FF94DB72}"
EndProject
Global
	GlobalSection(SolutionConfigurationPlatforms) = preSolution
		Debug|Any CPU = Debug|Any CPU
		Release|Any CPU = Release|Any CPU
	EndGlobalSection
	GlobalSection(ProjectConfigurationPlatforms) = postSolution
		{E41D9FA8-1BFA-41B4-8FD4-F859E3FC301A}.Debug|Any CPU.ActiveCfg = Debug|Any CPU
		{E41D9FA8-1BFA-41B4-8FD4-F859E3FC301A}.Debug|Any CPU.Build.0 = Debug|Any CPU
		{E41D9FA8-1BFA-41B4-8FD4-F859E3FC301A}.Release|Any CPU.ActiveCfg = Release|Any CPU
		{E41D9FA8-1BFA-41B4-8FD4-F859E3FC301A}.Release|Any CPU.Build.0 = Release|Any CPU
		{06A2B434-F687-42E0-8588-617FFCB3B457}.Debug|Any CPU.ActiveCfg = Debug|Any CPU
		{06A2B434-F687-42E0-8588-617FFCB3B457}.Debug|Any CPU.Build.0 = Debug|Any CPU
		{06A2B434-F687-42E0-8588-617FFCB3B457}.Release|Any CPU.ActiveCfg = Release|Any CPU
		{06A2B434-F687-42E0-8588-617FFCB3B457}.Release|Any CPU.Build.0 = Release|Any CPU
		{E41B673E-A142-4E37-9217-7599ED1DF90F}.Debug|Any CPU.ActiveCfg = Debug|Any CPU
		{E41B673E-A142-4E37-9217-7599ED1DF90F}.Debug|Any CPU.Build.0 = Debug|Any CPU
		{E41B673E-A142-4E37-9217-7599ED1DF90F}.Release|Any CPU.ActiveCfg = Release|Any CPU
		{E41B673E-A142-4E37-9217-7599ED1DF90F}.Release|Any CPU.Build.0 = Release|Any CPU
		{A177DEC5-467D-480A-AF1B-F72594CBE0E9}.Debug|Any CPU.ActiveCfg = Debug|Any CPU
		{A177DEC5-467D-480A-AF1B-F72594CBE0E9}.Debug|Any CPU.Build.0 = Debug|Any CPU
		{A177DEC5-467D-480A-AF1B-F72594CBE0E9}.Release|Any CPU.ActiveCfg = Release|Any CPU
		{A177DEC5-467D-480A-AF1B-F72594CBE0E9}.Release|Any CPU.Build.0 = Release|Any CPU
		{D125E463-4CD4-4BBB-9049-CC27F7AFE5D7}.Debug|Any CPU.ActiveCfg = Debug|Any CPU
		{D125E463-4CD4-4BBB-9049-CC27F7AFE5D7}.Debug|Any CPU.Build.0 = Debug|Any CPU
		{D125E463-4CD4-4BBB-9049-CC27F7AFE5D7}.Release|Any CPU.ActiveCfg = Release|Any CPU
		{D125E463-4CD4-4BBB-9049-CC27F7AFE5D7}.Release|Any CPU.Build.0 = Release|Any CPU
		{592D7CCE-61D7-45C4-BB59-7682FF94DB72}.Debug|Any CPU.ActiveCfg = Debug|Any CPU
		{592D7CCE-61D7-45C4-BB59-7682FF94DB72}.Debug|Any CPU.Build.0 = Debug|Any CPU
		{592D7CCE-61D7-45C4-BB59-7682FF94DB72}.Release|Any CPU.ActiveCfg = Release|Any CPU
		{592D7CCE-61D7-45C4-BB59-7682FF94DB72}.Release|Any CPU.Build.0 = Release|Any CPU
	EndGlobalSection
	GlobalSection(SolutionProperties) = preSolution
		HideSolutionNode = FALSE
	EndGlobalSection
	GlobalSection(ExtensibilityGlobals) = postSolution
		SolutionGuid = {2AD8B09B-A876-4F91-AE0E-BDB46A1F99A6}
	EndGlobalSection
EndGlobal
